
Microsoft Visual Studio Solution File, Format Version 12.00
# Visual Studio Version 17
VisualStudioVersion = 17.3.32811.315
MinimumVisualStudioVersion = 10.0.40219.1
Project("{9A19103F-16F7-4668-BE54-9A1E7A4F7556}") = "BusinessLayer", "Business\BusinessLayer.csproj", "{4BE798D8-F1C8-4958-82F6-7EBB758FAB9F}"
EndProject
Project("{9A19103F-16F7-4668-BE54-9A1E7A4F7556}") = "TourniquetAPI", "Tourniquet\TourniquetAPI.csproj", "{7D797FD7-197D-4F81-BAA5-4E104963D117}"
EndProject
Project("{9A19103F-16F7-4668-BE54-9A1E7A4F7556}") = "CoreLayer", "Core\CoreLayer.csproj", "{5FE2CD3F-9CB6-449B-9E58-24C67284BEAB}"
EndProject
Project("{9A19103F-16F7-4668-BE54-9A1E7A4F7556}") = "DataAccessLayer", "DataAccess\DataAccessLayer.csproj", "{BD41CE28-B6BA-4009-942F-460B72CD6EF5}"
EndProject
Project("{9A19103F-16F7-4668-BE54-9A1E7A4F7556}") = "EntitiesLayer", "Entity\EntitiesLayer.csproj", "{587FF663-5A05-4D4A-A52E-8A236E4634EE}"
EndProject
Global
	GlobalSection(SolutionConfigurationPlatforms) = preSolution
		Debug|Any CPU = Debug|Any CPU
		Release|Any CPU = Release|Any CPU
	EndGlobalSection
	GlobalSection(ProjectConfigurationPlatforms) = postSolution
		{4BE798D8-F1C8-4958-82F6-7EBB758FAB9F}.Debug|Any CPU.ActiveCfg = Debug|Any CPU
		{4BE798D8-F1C8-4958-82F6-7EBB758FAB9F}.Debug|Any CPU.Build.0 = Debug|Any CPU
		{4BE798D8-F1C8-4958-82F6-7EBB758FAB9F}.Release|Any CPU.ActiveCfg = Release|Any CPU
		{4BE798D8-F1C8-4958-82F6-7EBB758FAB9F}.Release|Any CPU.Build.0 = Release|Any CPU
		{7D797FD7-197D-4F81-BAA5-4E104963D117}.Debug|Any CPU.ActiveCfg = Debug|Any CPU
		{7D797FD7-197D-4F81-BAA5-4E104963D117}.Debug|Any CPU.Build.0 = Debug|Any CPU
		{7D797FD7-197D-4F81-BAA5-4E104963D117}.Release|Any CPU.ActiveCfg = Release|Any CPU
		{7D797FD7-197D-4F81-BAA5-4E104963D117}.Release|Any CPU.Build.0 = Release|Any CPU
		{5FE2CD3F-9CB6-449B-9E58-24C67284BEAB}.Debug|Any CPU.ActiveCfg = Debug|Any CPU
		{5FE2CD3F-9CB6-449B-9E58-24C67284BEAB}.Debug|Any CPU.Build.0 = Debug|Any CPU
		{5FE2CD3F-9CB6-449B-9E58-24C67284BEAB}.Release|Any CPU.ActiveCfg = Release|Any CPU
		{5FE2CD3F-9CB6-449B-9E58-24C67284BEAB}.Release|Any CPU.Build.0 = Release|Any CPU
		{BD41CE28-B6BA-4009-942F-460B72CD6EF5}.Debug|Any CPU.ActiveCfg = Debug|Any CPU
		{BD41CE28-B6BA-4009-942F-460B72CD6EF5}.Debug|Any CPU.Build.0 = Debug|Any CPU
		{BD41CE28-B6BA-4009-942F-460B72CD6EF5}.Release|Any CPU.ActiveCfg = Release|Any CPU
		{BD41CE28-B6BA-4009-942F-460B72CD6EF5}.Release|Any CPU.Build.0 = Release|Any CPU
		{587FF663-5A05-4D4A-A52E-8A236E4634EE}.Debug|Any CPU.ActiveCfg = Debug|Any CPU
		{587FF663-5A05-4D4A-A52E-8A236E4634EE}.Debug|Any CPU.Build.0 = Debug|Any CPU
		{587FF663-5A05-4D4A-A52E-8A236E4634EE}.Release|Any CPU.ActiveCfg = Release|Any CPU
		{587FF663-5A05-4D4A-A52E-8A236E4634EE}.Release|Any CPU.Build.0 = Release|Any CPU
	EndGlobalSection
	GlobalSection(SolutionProperties) = preSolution
		HideSolutionNode = FALSE
	EndGlobalSection
	GlobalSection(ExtensibilityGlobals) = postSolution
		SolutionGuid = {9718EB32-30FD-488F-8868-C2876B889BA4}
	EndGlobalSection
EndGlobal
